
Microsoft Visual Studio Solution File, Format Version 12.00
# Visual Studio Version 16
VisualStudioVersion = 16.0.31624.102
MinimumVisualStudioVersion = 10.0.40219.1
Project("{9A19103F-16F7-4668-BE54-9A1E7A4F7556}") = "MyAccountBooks.EntityFrameworkCore", "EntityFrameworkCore\MyAccountBooks.EntityFrameworkCore.csproj", "{4A355D2B-FA5B-4C15-A00F-7F3DC8A36694}"
EndProject
Project("{9A19103F-16F7-4668-BE54-9A1E7A4F7556}") = "MyAccountBooks.Core", "MyAccountBooks.Core\MyAccountBooks.Core.csproj", "{ACC72EA6-F152-44AB-AFEC-F44188DAEE15}"
EndProject
Global
	GlobalSection(SolutionConfigurationPlatforms) = preSolution
		Debug|Any CPU = Debug|Any CPU
		Release|Any CPU = Release|Any CPU
	EndGlobalSection
	GlobalSection(ProjectConfigurationPlatforms) = postSolution
		{4A355D2B-FA5B-4C15-A00F-7F3DC8A36694}.Debug|Any CPU.ActiveCfg = Debug|Any CPU
		{4A355D2B-FA5B-4C15-A00F-7F3DC8A36694}.Debug|Any CPU.Build.0 = Debug|Any CPU
		{4A355D2B-FA5B-4C15-A00F-7F3DC8A36694}.Release|Any CPU.ActiveCfg = Release|Any CPU
		{4A355D2B-FA5B-4C15-A00F-7F3DC8A36694}.Release|Any CPU.Build.0 = Release|Any CPU
		{ACC72EA6-F152-44AB-AFEC-F44188DAEE15}.Debug|Any CPU.ActiveCfg = Debug|Any CPU
		{ACC72EA6-F152-44AB-AFEC-F44188DAEE15}.Debug|Any CPU.Build.0 = Debug|Any CPU
		{ACC72EA6-F152-44AB-AFEC-F44188DAEE15}.Release|Any CPU.ActiveCfg = Release|Any CPU
		{ACC72EA6-F152-44AB-AFEC-F44188DAEE15}.Release|Any CPU.Build.0 = Release|Any CPU
	EndGlobalSection
	GlobalSection(SolutionProperties) = preSolution
		HideSolutionNode = FALSE
	EndGlobalSection
	GlobalSection(ExtensibilityGlobals) = postSolution
		SolutionGuid = {4605674E-0151-48B5-BEF0-062468DA3651}
	EndGlobalSection
EndGlobal
